
Microsoft Visual Studio Solution File, Format Version 12.00
# Visual Studio Version 17
VisualStudioVersion = 17.9.34622.214
MinimumVisualStudioVersion = 10.0.40219.1
Project("{9A19103F-16F7-4668-BE54-9A1E7A4F7556}") = "BSE.Maui.Tabbed", "src\BSE.Maui.Tabbed\BSE.Maui.Tabbed.csproj", "{ADB3B5A6-B022-4504-82A6-DCE202C981C0}"
EndProject
Global
	GlobalSection(SolutionConfigurationPlatforms) = preSolution
		Debug|Any CPU = Debug|Any CPU
		Release|Any CPU = Release|Any CPU
	EndGlobalSection
	GlobalSection(ProjectConfigurationPlatforms) = postSolution
		{ADB3B5A6-B022-4504-82A6-DCE202C981C0}.Debug|Any CPU.ActiveCfg = Debug|Any CPU
		{ADB3B5A6-B022-4504-82A6-DCE202C981C0}.Debug|Any CPU.Build.0 = Debug|Any CPU
		{ADB3B5A6-B022-4504-82A6-DCE202C981C0}.Debug|Any CPU.Deploy.0 = Debug|Any CPU
		{ADB3B5A6-B022-4504-82A6-DCE202C981C0}.Release|Any CPU.ActiveCfg = Release|Any CPU
		{ADB3B5A6-B022-4504-82A6-DCE202C981C0}.Release|Any CPU.Build.0 = Release|Any CPU
		{ADB3B5A6-B022-4504-82A6-DCE202C981C0}.Release|Any CPU.Deploy.0 = Release|Any CPU
	EndGlobalSection
	GlobalSection(SolutionProperties) = preSolution
		HideSolutionNode = FALSE
	EndGlobalSection
	GlobalSection(ExtensibilityGlobals) = postSolution
		SolutionGuid = {46397DCF-2EAE-45D8-A8C2-D4BD6A84193E}
	EndGlobalSection
EndGlobal
